{"inputs":{"mlsecops/contracts.py":{"bytes":3178,"sha256":"12cec6125c89b400cead32c16a5eed14c054d510b993d1bc52502429561343f6"},"mlsecops/data_source.py":{"bytes":9808,"sha256":"623fc39d6aa2b871dc24e87f17ab27e9a0ab2e56809609cd3113775cfe92c58f"},"mlsecops/datasets.py":{"bytes":9618,"sha256":"d14df772167073758e9d31c92ac748a8abbf1b16fed5e6cb5f22d38ce861dcef"},"mlsecops/intake.py":{"bytes":6467,"sha256":"3a27dbecfabd893185152ed0d91141f2a13f345e059b0cf5e8bc799f7ae42a73"},"mlsecops/signing.py":{"bytes":3284,"sha256":"bb65cd882f78393d0a113df119a40cd146391a1a90dc5a8b21c1f269753400bc"},"policies/local-cpu.json":{"bytes":922,"sha256":"08ed4127479bee6ad9d9f01179add227e81bdb0bb1ff0374028e1bc747df9513"},"uv.lock":{"bytes":112983,"sha256":"88a893fb0af9751233c621d04dee2c3fcbeec72b803dcdabf93077a2ef872d2a"}},"output":{"bytes":1915576,"sha256":"1a96301cdec7f66ab56265db150befb99147350f0ccef6fab8dd6f2887df6473"},"schema_version":1,"stage":"synthetic-source-v1"}
