{"inputs":{"mlsecops/contracts.py":{"bytes":3178,"sha256":"12cec6125c89b400cead32c16a5eed14c054d510b993d1bc52502429561343f6"},"mlsecops/data_source.py":{"bytes":9403,"sha256":"f02d1457631934e8e09f95e1c100beacf87143d71f11c9d579c04e293eb1cee1"},"mlsecops/datasets.py":{"bytes":9143,"sha256":"6c75f044864d667cb3b2402652c8ffafe77fd17bfebaf4369fe5d62cd327bbf2"},"mlsecops/intake.py":{"bytes":6467,"sha256":"3a27dbecfabd893185152ed0d91141f2a13f345e059b0cf5e8bc799f7ae42a73"},"mlsecops/signing.py":{"bytes":3284,"sha256":"bb65cd882f78393d0a113df119a40cd146391a1a90dc5a8b21c1f269753400bc"},"policies/local-cpu.json":{"bytes":922,"sha256":"08ed4127479bee6ad9d9f01179add227e81bdb0bb1ff0374028e1bc747df9513"},"uv.lock":{"bytes":107499,"sha256":"b5759ee93a6d2254c3879f8daced925b066fb551d7a375c43119b2010d416ca4"}},"output":{"bytes":1915576,"sha256":"1a96301cdec7f66ab56265db150befb99147350f0ccef6fab8dd6f2887df6473"},"schema_version":1,"stage":"synthetic-source-v1"}
